
Microsoft Visual Studio Solution File, Format Version 12.00
# Visual Studio 15
VisualStudioVersion = 15.0.28307.1622
MinimumVisualStudioVersion = 10.0.40219.1
Project("{8BC9CEB8-8B4A-11D0-8D11-00A0C91BC942}") = "练习_9_4", "练习_9_4\练习_9_4.vcxproj", "{A1A156C0-1175-47B6-B1BD-1160687C4E48}"
EndProject
Global
	GlobalSection(SolutionConfigurationPlatforms) = preSolution
		Debug|x64 = Debug|x64
		Debug|x86 = Debug|x86
		Release|x64 = Release|x64
		Release|x86 = Release|x86
	EndGlobalSection
	GlobalSection(ProjectConfigurationPlatforms) = postSolution
		{A1A156C0-1175-47B6-B1BD-1160687C4E48}.Debug|x64.ActiveCfg = Debug|x64
		{A1A156C0-1175-47B6-B1BD-1160687C4E48}.Debug|x64.Build.0 = Debug|x64
		{A1A156C0-1175-47B6-B1BD-1160687C4E48}.Debug|x86.ActiveCfg = Debug|Win32
		{A1A156C0-1175-47B6-B1BD-1160687C4E48}.Debug|x86.Build.0 = Debug|Win32
		{A1A156C0-1175-47B6-B1BD-1160687C4E48}.Release|x64.ActiveCfg = Release|x64
		{A1A156C0-1175-47B6-B1BD-1160687C4E48}.Release|x64.Build.0 = Release|x64
		{A1A156C0-1175-47B6-B1BD-1160687C4E48}.Release|x86.ActiveCfg = Release|Win32
		{A1A156C0-1175-47B6-B1BD-1160687C4E48}.Release|x86.Build.0 = Release|Win32
	EndGlobalSection
	GlobalSection(SolutionProperties) = preSolution
		HideSolutionNode = FALSE
	EndGlobalSection
	GlobalSection(ExtensibilityGlobals) = postSolution
		SolutionGuid = {A17FF005-7F32-4835-96A2-DB95A4908048}
	EndGlobalSection
EndGlobal
